// !$*UTF8*$!
{
	archiveVersion = 1;
	classes = {
	};
	objectVersion = 50;
	objects = {

/* Begin PBXBuildFile section */
		F8034165212625DD00EAD717 /* AppDelegate.swift in Sources */ = {isa = PBXBuildFile; fileRef = F8034164212625DD00EAD717 /* AppDelegate.swift */; };
		F8034167212625DD00EAD717 /* ViewController.swift in Sources */ = {isa = PBXBuildFile; fileRef = F8034166212625DD00EAD717 /* ViewController.swift */; };
		F803416A212625DD00EAD717 /* Main.storyboard in Resources */ = {isa = PBXBuildFile; fileRef = F8034168212625DD00EAD717 /* Main.storyboard */; };
		F803416C212625DF00EAD717 /* Assets.xcassets in Resources */ = {isa = PBXBuildFile; fileRef = F803416B212625DF00EAD717 /* Assets.xcassets */; };
		F803416F212625DF00EAD717 /* LaunchScreen.storyboard in Resources */ = {isa = PBXBuildFile; fileRef = F803416D212625DF00EAD717 /* LaunchScreen.storyboard */; };
		F803417A212625DF00EAD717 /* FittedSheetsTests.swift in Sources */ = {isa = PBXBuildFile; fileRef = F8034179212625DF00EAD717 /* FittedSheetsTests.swift */; };
		F8034185212625DF00EAD717 /* FittedSheetsUITests.swift in Sources */ = {isa = PBXBuildFile; fileRef = F8034184212625DF00EAD717 /* FittedSheetsUITests.swift */; };
		F8034199212F15B600EAD717 /* SheetViewController.swift in Sources */ = {isa = PBXBuildFile; fileRef = F8034198212F15B600EAD717 /* SheetViewController.swift */; };
		F803419D212F208300EAD717 /* Yalta.swift in Sources */ = {isa = PBXBuildFile; fileRef = F803419C212F208300EAD717 /* Yalta.swift */; };
		F84FF4AB21348A2900248951 /* SheetSize.swift in Sources */ = {isa = PBXBuildFile; fileRef = F84FF4AA21348A2900248951 /* SheetSize.swift */; };
		F84FF4AD21349D6000248951 /* ScrollingViewController.swift in Sources */ = {isa = PBXBuildFile; fileRef = F84FF4AC21349D6000248951 /* ScrollingViewController.swift */; };
		F84FF4AF2134A95300248951 /* InitialTouchPanGestureRecognizer.swift in Sources */ = {isa = PBXBuildFile; fileRef = F84FF4AE2134A95300248951 /* InitialTouchPanGestureRecognizer.swift */; };
		F84FF4B12135BE1A00248951 /* UIViewControllerExtension.swift in Sources */ = {isa = PBXBuildFile; fileRef = F84FF4B02135BE1A00248951 /* UIViewControllerExtension.swift */; };
		F883089F21B0A581005CFB9D /* SelfResizingViewController.swift in Sources */ = {isa = PBXBuildFile; fileRef = F883089E21B0A581005CFB9D /* SelfResizingViewController.swift */; };
/* End PBXBuildFile section */

/* Begin PBXContainerItemProxy section */
		F8034176212625DF00EAD717 /* PBXContainerItemProxy */ = {
			isa = PBXContainerItemProxy;
			containerPortal = F8034159212625DD00EAD717 /* Project object */;
			proxyType = 1;
			remoteGlobalIDString = F8034160212625DD00EAD717;
			remoteInfo = FittedSheets;
		};
		F8034181212625DF00EAD717 /* PBXContainerItemProxy */ = {
			isa = PBXContainerItemProxy;
			containerPortal = F8034159212625DD00EAD717 /* Project object */;
			proxyType = 1;
			remoteGlobalIDString = F8034160212625DD00EAD717;
			remoteInfo = FittedSheets;
		};
/* End PBXContainerItemProxy section */

/* Begin PBXFileReference section */
		F8034161212625DD00EAD717 /* FittedSheets.app */ = {isa = PBXFileReference; explicitFileType = wrapper.application; includeInIndex = 0; path = FittedSheets.app; sourceTree = BUILT_PRODUCTS_DIR; };
		F8034164212625DD00EAD717 /* AppDelegate.swift */ = {isa = PBXFileReference; lastKnownFileType = sourcecode.swift; path = AppDelegate.swift; sourceTree = "<group>"; };
		F8034166212625DD00EAD717 /* ViewController.swift */ = {isa = PBXFileReference; lastKnownFileType = sourcecode.swift; path = ViewController.swift; sourceTree = "<group>"; };
		F8034169212625DD00EAD717 /* Base */ = {isa = PBXFileReference; lastKnownFileType = file.storyboard; name = Base; path = Base.lproj/Main.storyboard; sourceTree = "<group>"; };
		F803416B212625DF00EAD717 /* Assets.xcassets */ = {isa = PBXFileReference; lastKnownFileType = folder.assetcatalog; path = Assets.xcassets; sourceTree = "<group>"; };
		F803416E212625DF00EAD717 /* Base */ = {isa = PBXFileReference; lastKnownFileType = file.storyboard; name = Base; path = Base.lproj/LaunchScreen.storyboard; sourceTree = "<group>"; };
		F8034170212625DF00EAD717 /* Info.plist */ = {isa = PBXFileReference; lastKnownFileType = text.plist.xml; path = Info.plist; sourceTree = "<group>"; };
		F8034175212625DF00EAD717 /* FittedSheetsTests.xctest */ = {isa = PBXFileReference; explicitFileType = wrapper.cfbundle; includeInIndex = 0; path = FittedSheetsTests.xctest; sourceTree = BUILT_PRODUCTS_DIR; };
		F8034179212625DF00EAD717 /* FittedSheetsTests.swift */ = {isa = PBXFileReference; lastKnownFileType = sourcecode.swift; path = FittedSheetsTests.swift; sourceTree = "<group>"; };
		F803417B212625DF00EAD717 /* Info.plist */ = {isa = PBXFileReference; lastKnownFileType = text.plist.xml; path = Info.plist; sourceTree = "<group>"; };
		F8034180212625DF00EAD717 /* FittedSheetsUITests.xctest */ = {isa = PBXFileReference; explicitFileType = wrapper.cfbundle; includeInIndex = 0; path = FittedSheetsUITests.xctest; sourceTree = BUILT_PRODUCTS_DIR; };
		F8034184212625DF00EAD717 /* FittedSheetsUITests.swift */ = {isa = PBXFileReference; lastKnownFileType = sourcecode.swift; path = FittedSheetsUITests.swift; sourceTree = "<group>"; };
		F8034186212625DF00EAD717 /* Info.plist */ = {isa = PBXFileReference; lastKnownFileType = text.plist.xml; path = Info.plist; sourceTree = "<group>"; };
		F8034192212628FE00EAD717 /* FittedSheets.podspec.json */ = {isa = PBXFileReference; lastKnownFileType = text.json; path = FittedSheets.podspec.json; sourceTree = "<group>"; };
		F8034198212F15B600EAD717 /* SheetViewController.swift */ = {isa = PBXFileReference; lastKnownFileType = sourcecode.swift; path = SheetViewController.swift; sourceTree = "<group>"; };
		F803419C212F208300EAD717 /* Yalta.swift */ = {isa = PBXFileReference; lastKnownFileType = sourcecode.swift; path = Yalta.swift; sourceTree = "<group>"; };
		F84FF4AA21348A2900248951 /* SheetSize.swift */ = {isa = PBXFileReference; lastKnownFileType = sourcecode.swift; path = SheetSize.swift; sourceTree = "<group>"; };
		F84FF4AC21349D6000248951 /* ScrollingViewController.swift */ = {isa = PBXFileReference; lastKnownFileType = sourcecode.swift; path = ScrollingViewController.swift; sourceTree = "<group>"; };
		F84FF4AE2134A95300248951 /* InitialTouchPanGestureRecognizer.swift */ = {isa = PBXFileReference; lastKnownFileType = sourcecode.swift; path = InitialTouchPanGestureRecognizer.swift; sourceTree = "<group>"; };
		F84FF4B02135BE1A00248951 /* UIViewControllerExtension.swift */ = {isa = PBXFileReference; lastKnownFileType = sourcecode.swift; path = UIViewControllerExtension.swift; sourceTree = "<group>"; };
		F883089E21B0A581005CFB9D /* SelfResizingViewController.swift */ = {isa = PBXFileReference; lastKnownFileType = sourcecode.swift; path = SelfResizingViewController.swift; sourceTree = "<group>"; };
/* End PBXFileReference section */

/* Begin PBXFrameworksBuildPhase section */
		F803415E212625DD00EAD717 /* Frameworks */ = {
			isa = PBXFrameworksBuildPhase;
			buildActionMask = 2147483647;
			files = (
			);
			runOnlyForDeploymentPostprocessing = 0;
		};
		F8034172212625DF00EAD717 /* Frameworks */ = {
			isa = PBXFrameworksBuildPhase;
			buildActionMask = 2147483647;
			files = (
			);
			runOnlyForDeploymentPostprocessing = 0;
		};
		F803417D212625DF00EAD717 /* Frameworks */ = {
			isa = PBXFrameworksBuildPhase;
			buildActionMask = 2147483647;
			files = (
			);
			runOnlyForDeploymentPostprocessing = 0;
		};
/* End PBXFrameworksBuildPhase section */

/* Begin PBXGroup section */
		F8034158212625DD00EAD717 = {
			isa = PBXGroup;
			children = (
				F8034192212628FE00EAD717 /* FittedSheets.podspec.json */,
				F8034163212625DD00EAD717 /* FittedSheets */,
				F8034178212625DF00EAD717 /* FittedSheetsTests */,
				F8034183212625DF00EAD717 /* FittedSheetsUITests */,
				F8034162212625DD00EAD717 /* Products */,
			);
			sourceTree = "<group>";
		};
		F8034162212625DD00EAD717 /* Products */ = {
			isa = PBXGroup;
			children = (
				F8034161212625DD00EAD717 /* FittedSheets.app */,
				F8034175212625DF00EAD717 /* FittedSheetsTests.xctest */,
				F8034180212625DF00EAD717 /* FittedSheetsUITests.xctest */,
			);
			name = Products;
			sourceTree = "<group>";
		};
		F8034163212625DD00EAD717 /* FittedSheets */ = {
			isa = PBXGroup;
			children = (
				F88308A121B0A592005CFB9D /* Examples */,
				F8034197212F154C00EAD717 /* Pod */,
				F8034164212625DD00EAD717 /* AppDelegate.swift */,
				F8034166212625DD00EAD717 /* ViewController.swift */,
				F8034168212625DD00EAD717 /* Main.storyboard */,
				F803416B212625DF00EAD717 /* Assets.xcassets */,
				F803416D212625DF00EAD717 /* LaunchScreen.storyboard */,
				F8034170212625DF00EAD717 /* Info.plist */,
			);
			path = FittedSheets;
			sourceTree = "<group>";
		};
		F8034178212625DF00EAD717 /* FittedSheetsTests */ = {
			isa = PBXGroup;
			children = (
				F8034179212625DF00EAD717 /* FittedSheetsTests.swift */,
				F803417B212625DF00EAD717 /* Info.plist */,
			);
			path = FittedSheetsTests;
			sourceTree = "<group>";
		};
		F8034183212625DF00EAD717 /* FittedSheetsUITests */ = {
			isa = PBXGroup;
			children = (
				F8034184212625DF00EAD717 /* FittedSheetsUITests.swift */,
				F8034186212625DF00EAD717 /* Info.plist */,
			);
			path = FittedSheetsUITests;
			sourceTree = "<group>";
		};
		F8034197212F154C00EAD717 /* Pod */ = {
			isa = PBXGroup;
			children = (
				F8034198212F15B600EAD717 /* SheetViewController.swift */,
				F803419C212F208300EAD717 /* Yalta.swift */,
				F84FF4AA21348A2900248951 /* SheetSize.swift */,
				F84FF4AE2134A95300248951 /* InitialTouchPanGestureRecognizer.swift */,
				F84FF4B02135BE1A00248951 /* UIViewControllerExtension.swift */,
			);
			path = Pod;
			sourceTree = "<group>";
		};
		F88308A121B0A592005CFB9D /* Examples */ = {
			isa = PBXGroup;
			children = (
				F84FF4AC21349D6000248951 /* ScrollingViewController.swift */,
				F883089E21B0A581005CFB9D /* SelfResizingViewController.swift */,
			);
			path = Examples;
			sourceTree = "<group>";
		};
/* End PBXGroup section */

/* Begin PBXNativeTarget section */
		F8034160212625DD00EAD717 /* FittedSheets */ = {
			isa = PBXNativeTarget;
			buildConfigurationList = F8034189212625DF00EAD717 /* Build configuration list for PBXNativeTarget "FittedSheets" */;
			buildPhases = (
				F803415D212625DD00EAD717 /* Sources */,
				F803415E212625DD00EAD717 /* Frameworks */,
				F803415F212625DD00EAD717 /* Resources */,
			);
			buildRules = (
			);
			dependencies = (
			);
			name = FittedSheets;
			productName = FittedSheets;
			productReference = F8034161212625DD00EAD717 /* FittedSheets.app */;
			productType = "com.apple.product-type.application";
		};
		F8034174212625DF00EAD717 /* FittedSheetsTests */ = {
			isa = PBXNativeTarget;
			buildConfigurationList = F803418C212625DF00EAD717 /* Build configuration list for PBXNativeTarget "FittedSheetsTests" */;
			buildPhases = (
				F8034171212625DF00EAD717 /* Sources */,
				F8034172212625DF00EAD717 /* Frameworks */,
				F8034173212625DF00EAD717 /* Resources */,
			);
			buildRules = (
			);
			dependencies = (
				F8034177212625DF00EAD717 /* PBXTargetDependency */,
			);
			name = FittedSheetsTests;
			productName = FittedSheetsTests;
			productReference = F8034175212625DF00EAD717 /* FittedSheetsTests.xctest */;
			productType = "com.apple.product-type.bundle.unit-test";
		};
		F803417F212625DF00EAD717 /* FittedSheetsUITests */ = {
			isa = PBXNativeTarget;
			buildConfigurationList = F803418F212625DF00EAD717 /* Build configuration list for PBXNativeTarget "FittedSheetsUITests" */;
			buildPhases = (
				F803417C212625DF00EAD717 /* Sources */,
				F803417D212625DF00EAD717 /* Frameworks */,
				F803417E212625DF00EAD717 /* Resources */,
			);
			buildRules = (
			);
			dependencies = (
				F8034182212625DF00EAD717 /* PBXTargetDependency */,
			);
			name = FittedSheetsUITests;
			productName = FittedSheetsUITests;
			productReference = F8034180212625DF00EAD717 /* FittedSheetsUITests.xctest */;
			productType = "com.apple.product-type.bundle.ui-testing";
		};
/* End PBXNativeTarget section */

/* Begin PBXProject section */
		F8034159212625DD00EAD717 /* Project object */ = {
			isa = PBXProject;
			attributes = {
				LastSwiftUpdateCheck = 0940;
				LastUpgradeCheck = 0940;
				ORGANIZATIONNAME = "Gordon Tucker";
				TargetAttributes = {
					F8034160212625DD00EAD717 = {
						CreatedOnToolsVersion = 9.4.1;
					};
					F8034174212625DF00EAD717 = {
						CreatedOnToolsVersion = 9.4.1;
						TestTargetID = F8034160212625DD00EAD717;
					};
					F803417F212625DF00EAD717 = {
						CreatedOnToolsVersion = 9.4.1;
						TestTargetID = F8034160212625DD00EAD717;
					};
				};
			};
			buildConfigurationList = F803415C212625DD00EAD717 /* Build configuration list for PBXProject "FittedSheets" */;
			compatibilityVersion = "Xcode 9.3";
			developmentRegion = en;
			hasScannedForEncodings = 0;
			knownRegions = (
				en,
				Base,
			);
			mainGroup = F8034158212625DD00EAD717;
			productRefGroup = F8034162212625DD00EAD717 /* Products */;
			projectDirPath = "";
			projectRoot = "";
			targets = (
				F8034160212625DD00EAD717 /* FittedSheets */,
				F8034174212625DF00EAD717 /* FittedSheetsTests */,
				F803417F212625DF00EAD717 /* FittedSheetsUITests */,
			);
		};
/* End PBXProject section */

/* Begin PBXResourcesBuildPhase section */
		F803415F212625DD00EAD717 /* Resources */ = {
			isa = PBXResourcesBuildPhase;
			buildActionMask = 2147483647;
			files = (
				F803416F212625DF00EAD717 /* LaunchScreen.storyboard in Resources */,
				F803416C212625DF00EAD717 /* Assets.xcassets in Resources */,
				F803416A212625DD00EAD717 /* Main.storyboard in Resources */,
			);
			runOnlyForDeploymentPostprocessing = 0;
		};
		F8034173212625DF00EAD717 /* Resources */ = {
			isa = PBXResourcesBuildPhase;
			buildActionMask = 2147483647;
			files = (
			);
			runOnlyForDeploymentPostprocessing = 0;
		};
		F803417E212625DF00EAD717 /* Resources */ = {
			isa = PBXResourcesBuildPhase;
			buildActionMask = 2147483647;
			files = (
			);
			runOnlyForDeploymentPostprocessing = 0;
		};
/* End PBXResourcesBuildPhase section */

/* Begin PBXSourcesBuildPhase section */
		F803415D212625DD00EAD717 /* Sources */ = {
			isa = PBXSourcesBuildPhase;
			buildActionMask = 2147483647;
			files = (
				F8034199212F15B600EAD717 /* SheetViewController.swift in Sources */,
				F84FF4AF2134A95300248951 /* InitialTouchPanGestureRecognizer.swift in Sources */,
				F883089F21B0A581005CFB9D /* SelfResizingViewController.swift in Sources */,
				F803419D212F208300EAD717 /* Yalta.swift in Sources */,
				F84FF4AB21348A2900248951 /* SheetSize.swift in Sources */,
				F84FF4B12135BE1A00248951 /* UIViewControllerExtension.swift in Sources */,
				F8034167212625DD00EAD717 /* ViewController.swift in Sources */,
				F84FF4AD21349D6000248951 /* ScrollingViewController.swift in Sources */,
				F8034165212625DD00EAD717 /* AppDelegate.swift in Sources */,
			);
			runOnlyForDeploymentPostprocessing = 0;
		};
		F8034171212625DF00EAD717 /* Sources */ = {
			isa = PBXSourcesBuildPhase;
			buildActionMask = 2147483647;
			files = (
				F803417A212625DF00EAD717 /* FittedSheetsTests.swift in Sources */,
			);
			runOnlyForDeploymentPostprocessing = 0;
		};
		F803417C212625DF00EAD717 /* Sources */ = {
			isa = PBXSourcesBuildPhase;
			buildActionMask = 2147483647;
			files = (
				F8034185212625DF00EAD717 /* FittedSheetsUITests.swift in Sources */,
			);
			runOnlyForDeploymentPostprocessing = 0;
		};
/* End PBXSourcesBuildPhase section */

/* Begin PBXTargetDependency section */
		F8034177212625DF00EAD717 /* PBXTargetDependency */ = {
			isa = PBXTargetDependency;
			target = F8034160212625DD00EAD717 /* FittedSheets */;
			targetProxy = F8034176212625DF00EAD717 /* PBXContainerItemProxy */;
		};
		F8034182212625DF00EAD717 /* PBXTargetDependency */ = {
			isa = PBXTargetDependency;
			target = F8034160212625DD00EAD717 /* FittedSheets */;
			targetProxy = F8034181212625DF00EAD717 /* PBXContainerItemProxy */;
		};
/* End PBXTargetDependency section */

/* Begin PBXVariantGroup section */
		F8034168212625DD00EAD717 /* Main.storyboard */ = {
			isa = PBXVariantGroup;
			children = (
				F8034169212625DD00EAD717 /* Base */,
			);
			name = Main.storyboard;
			sourceTree = "<group>";
		};
		F803416D212625DF00EAD717 /* LaunchScreen.storyboard */ = {
			isa = PBXVariantGroup;
			children = (
				F803416E212625DF00EAD717 /* Base */,
			);
			name = LaunchScreen.storyboard;
			sourceTree = "<group>";
		};
/* End PBXVariantGroup section */

/* Begin XCBuildConfiguration section */
		F8034187212625DF00EAD717 /* Debug */ = {
			isa = XCBuildConfiguration;
			buildSettings = {
				ALWAYS_SEARCH_USER_PATHS = NO;
				CLANG_ANALYZER_NONNULL = YES;
				CLANG_ANALYZER_NUMBER_OBJECT_CONVERSION = YES_AGGRESSIVE;
				CLANG_CXX_LANGUAGE_STANDARD = "gnu++14";
				CLANG_CXX_LIBRARY = "libc++";
				CLANG_ENABLE_MODULES = YES;
				CLANG_ENABLE_OBJC_ARC = YES;
				CLANG_ENABLE_OBJC_WEAK = YES;
				CLANG_WARN_BLOCK_CAPTURE_AUTORELEASING = YES;
				CLANG_WARN_BOOL_CONVERSION = YES;
				CLANG_WARN_COMMA = YES;
				CLANG_WARN_CONSTANT_CONVERSION = YES;
				CLANG_WARN_DEPRECATED_OBJC_IMPLEMENTATIONS = YES;
				CLANG_WARN_DIRECT_OBJC_ISA_USAGE = YES_ERROR;
				CLANG_WARN_DOCUMENTATION_COMMENTS = YES;
				CLANG_WARN_EMPTY_BODY = YES;
				CLANG_WARN_ENUM_CONVERSION = YES;
				CLANG_WARN_INFINITE_RECURSION = YES;
				CLANG_WARN_INT_CONVERSION = YES;
				CLANG_WARN_NON_LITERAL_NULL_CONVERSION = YES;
				CLANG_WARN_OBJC_IMPLICIT_RETAIN_SELF = YES;
				CLANG_WARN_OBJC_LITERAL_CONVERSION = YES;
				CLANG_WARN_OBJC_ROOT_CLASS = YES_ERROR;
				CLANG_WARN_RANGE_LOOP_ANALYSIS = YES;
				CLANG_WARN_STRICT_PROTOTYPES = YES;
				CLANG_WARN_SUSPICIOUS_MOVE = YES;
				CLANG_WARN_UNGUARDED_AVAILABILITY = YES_AGGRESSIVE;
				CLANG_WARN_UNREACHABLE_CODE = YES;
				CLANG_WARN__DUPLICATE_METHOD_MATCH = YES;
				CODE_SIGN_IDENTITY = "iPhone Developer";
				COPY_PHASE_STRIP = NO;
				DEBUG_INFORMATION_FORMAT = dwarf;
				ENABLE_STRICT_OBJC_MSGSEND = YES;
				ENABLE_TESTABILITY = YES;
				GCC_C_LANGUAGE_STANDARD = gnu11;
				GCC_DYNAMIC_NO_PIC = NO;
				GCC_NO_COMMON_BLOCKS = YES;
				GCC_OPTIMIZATION_LEVEL = 0;
				GCC_PREPROCESSOR_DEFINITIONS = (
					"DEBUG=1",
					"$(inherited)",
				);
				GCC_WARN_64_TO_32_BIT_CONVERSION = YES;
				GCC_WARN_ABOUT_RETURN_TYPE = YES_ERROR;
				GCC_WARN_UNDECLARED_SELECTOR = YES;
				GCC_WARN_UNINITIALIZED_AUTOS = YES_AGGRESSIVE;
				GCC_WARN_UNUSED_FUNCTION = YES;
				GCC_WARN_UNUSED_VARIABLE = YES;
				IPHONEOS_DEPLOYMENT_TARGET = 10.3;
				MTL_ENABLE_DEBUG_INFO = YES;
				ONLY_ACTIVE_ARCH = YES;
				SDKROOT = iphoneos;
				SWIFT_ACTIVE_COMPILATION_CONDITIONS = DEBUG;
				SWIFT_OPTIMIZATION_LEVEL = "-Onone";
			};
			name = Debug;
		};
		F8034188212625DF00EAD717 /* Release */ = {
			isa = XCBuildConfiguration;
			buildSettings = {
				ALWAYS_SEARCH_USER_PATHS = NO;
				CLANG_ANALYZER_NONNULL = YES;
				CLANG_ANALYZER_NUMBER_OBJECT_CONVERSION = YES_AGGRESSIVE;
				CLANG_CXX_LANGUAGE_STANDARD = "gnu++14";
				CLANG_CXX_LIBRARY = "libc++";
				CLANG_ENABLE_MODULES = YES;
				CLANG_ENABLE_OBJC_ARC = YES;
				CLANG_ENABLE_OBJC_WEAK = YES;
				CLANG_WARN_BLOCK_CAPTURE_AUTORELEASING = YES;
				CLANG_WARN_BOOL_CONVERSION = YES;
				CLANG_WARN_COMMA = YES;
				CLANG_WARN_CONSTANT_CONVERSION = YES;
				CLANG_WARN_DEPRECATED_OBJC_IMPLEMENTATIONS = YES;
				CLANG_WARN_DIRECT_OBJC_ISA_USAGE = YES_ERROR;
				CLANG_WARN_DOCUMENTATION_COMMENTS = YES;
				CLANG_WARN_EMPTY_BODY = YES;
				CLANG_WARN_ENUM_CONVERSION = YES;
				CLANG_WARN_INFINITE_RECURSION = YES;
				CLANG_WARN_INT_CONVERSION = YES;
				CLANG_WARN_NON_LITERAL_NULL_CONVERSION = YES;
				CLANG_WARN_OBJC_IMPLICIT_RETAIN_SELF = YES;
				CLANG_WARN_OBJC_LITERAL_CONVERSION = YES;
				CLANG_WARN_OBJC_ROOT_CLASS = YES_ERROR;
				CLANG_WARN_RANGE_LOOP_ANALYSIS = YES;
				CLANG_WARN_STRICT_PROTOTYPES = YES;
				CLANG_WARN_SUSPICIOUS_MOVE = YES;
				CLANG_WARN_UNGUARDED_AVAILABILITY = YES_AGGRESSIVE;
				CLANG_WARN_UNREACHABLE_CODE = YES;
				CLANG_WARN__DUPLICATE_METHOD_MATCH = YES;
				CODE_SIGN_IDENTITY = "iPhone Developer";
				COPY_PHASE_STRIP = NO;
				DEBUG_INFORMATION_FORMAT = "dwarf-with-dsym";
				ENABLE_NS_ASSERTIONS = NO;
				ENABLE_STRICT_OBJC_MSGSEND = YES;
				GCC_C_LANGUAGE_STANDARD = gnu11;
				GCC_NO_COMMON_BLOCKS = YES;
				GCC_WARN_64_TO_32_BIT_CONVERSION = YES;
				GCC_WARN_ABOUT_RETURN_TYPE = YES_ERROR;
				GCC_WARN_UNDECLARED_SELECTOR = YES;
				GCC_WARN_UNINITIALIZED_AUTOS = YES_AGGRESSIVE;
				GCC_WARN_UNUSED_FUNCTION = YES;
				GCC_WARN_UNUSED_VARIABLE = YES;
				IPHONEOS_DEPLOYMENT_TARGET = 10.3;
				MTL_ENABLE_DEBUG_INFO = NO;
				SDKROOT = iphoneos;
				SWIFT_COMPILATION_MODE = wholemodule;
				SWIFT_OPTIMIZATION_LEVEL = "-O";
				VALIDATE_PRODUCT = YES;
			};
			name = Release;
		};
		F803418A212625DF00EAD717 /* Debug */ = {
			isa = XCBuildConfiguration;
			buildSettings = {
				ASSETCATALOG_COMPILER_APPICON_NAME = AppIcon;
				CODE_SIGN_STYLE = Automatic;
				DEVELOPMENT_TEAM = 478Z685Y37;
				INFOPLIST_FILE = FittedSheets/Info.plist;
				LD_RUNPATH_SEARCH_PATHS = (
					"$(inherited)",
					"@executable_path/Frameworks",
				);
				PRODUCT_BUNDLE_IDENTIFIER = gordontucker.FittedSheets;
				PRODUCT_NAME = "$(TARGET_NAME)";
				SWIFT_VERSION = 4.2;
				TARGETED_DEVICE_FAMILY = "1,2";
			};
			name = Debug;
		};
		F803418B212625DF00EAD717 /* Release */ = {
			isa = XCBuildConfiguration;
			buildSettings = {
				ASSETCATALOG_COMPILER_APPICON_NAME = AppIcon;
				CODE_SIGN_STYLE = Automatic;
				DEVELOPMENT_TEAM = 478Z685Y37;
				INFOPLIST_FILE = FittedSheets/Info.plist;
				LD_RUNPATH_SEARCH_PATHS = (
					"$(inherited)",
					"@executable_path/Frameworks",
				);
				PRODUCT_BUNDLE_IDENTIFIER = gordontucker.FittedSheets;
				PRODUCT_NAME = "$(TARGET_NAME)";
				SWIFT_VERSION = 4.2;
				TARGETED_DEVICE_FAMILY = "1,2";
			};
			name = Release;
		};
		F803418D212625DF00EAD717 /* Debug */ = {
			isa = XCBuildConfiguration;
			buildSettings = {
				ALWAYS_EMBED_SWIFT_STANDARD_LIBRARIES = YES;
				BUNDLE_LOADER = "$(TEST_HOST)";
				CODE_SIGN_STYLE = Automatic;
				DEVELOPMENT_TEAM = 478Z685Y37;
				INFOPLIST_FILE = FittedSheetsTests/Info.plist;
				LD_RUNPATH_SEARCH_PATHS = (
					"$(inherited)",
					"@executable_path/Frameworks",
					"@loader_path/Frameworks",
				);
				PRODUCT_BUNDLE_IDENTIFIER = gordontucker.FittedSheetsTests;
				PRODUCT_NAME = "$(TARGET_NAME)";
				SWIFT_VERSION = 4.0;
				TARGETED_DEVICE_FAMILY = "1,2";
				TEST_HOST = "$(BUILT_PRODUCTS_DIR)/FittedSheets.app/FittedSheets";
			};
			name = Debug;
		};
		F803418E212625DF00EAD717 /* Release */ = {
			isa = XCBuildConfiguration;
			buildSettings = {
				ALWAYS_EMBED_SWIFT_STANDARD_LIBRARIES = YES;
				BUNDLE_LOADER = "$(TEST_HOST)";
				CODE_SIGN_STYLE = Automatic;
				DEVELOPMENT_TEAM = 478Z685Y37;
				INFOPLIST_FILE = FittedSheetsTests/Info.plist;
				LD_RUNPATH_SEARCH_PATHS = (
					"$(inherited)",
					"@executable_path/Frameworks",
					"@loader_path/Frameworks",
				);
				PRODUCT_BUNDLE_IDENTIFIER = gordontucker.FittedSheetsTests;
				PRODUCT_NAME = "$(TARGET_NAME)";
				SWIFT_VERSION = 4.0;
				TARGETED_DEVICE_FAMILY = "1,2";
				TEST_HOST = "$(BUILT_PRODUCTS_DIR)/FittedSheets.app/FittedSheets";
			};
			name = Release;
		};
		F8034190212625DF00EAD717 /* Debug */ = {
			isa = XCBuildConfiguration;
			buildSettings = {
				ALWAYS_EMBED_SWIFT_STANDARD_LIBRARIES = YES;
				CODE_SIGN_STYLE = Automatic;
				DEVELOPMENT_TEAM = 478Z685Y37;
				INFOPLIST_FILE = FittedSheetsUITests/Info.plist;
				LD_RUNPATH_SEARCH_PATHS = (
					"$(inherited)",
					"@executable_path/Frameworks",
					"@loader_path/Frameworks",
				);
				PRODUCT_BUNDLE_IDENTIFIER = gordontucker.FittedSheetsUITests;
				PRODUCT_NAME = "$(TARGET_NAME)";
				SWIFT_VERSION = 4.0;
				TARGETED_DEVICE_FAMILY = "1,2";
				TEST_TARGET_NAME = FittedSheets;
			};
			name = Debug;
		};
		F8034191212625DF00EAD717 /* Release */ = {
			isa = XCBuildConfiguration;
			buildSettings = {
				ALWAYS_EMBED_SWIFT_STANDARD_LIBRARIES = YES;
				CODE_SIGN_STYLE = Automatic;
				DEVELOPMENT_TEAM = 478Z685Y37;
				INFOPLIST_FILE = FittedSheetsUITests/Info.plist;
				LD_RUNPATH_SEARCH_PATHS = (
					"$(inherited)",
					"@executable_path/Frameworks",
					"@loader_path/Frameworks",
				);
				PRODUCT_BUNDLE_IDENTIFIER = gordontucker.FittedSheetsUITests;
				PRODUCT_NAME = "$(TARGET_NAME)";
				SWIFT_VERSION = 4.0;
				TARGETED_DEVICE_FAMILY = "1,2";
				TEST_TARGET_NAME = FittedSheets;
			};
			name = Release;
		};
/* End XCBuildConfiguration section */

/* Begin XCConfigurationList section */
		F803415C212625DD00EAD717 /* Build configuration list for PBXProject "FittedSheets" */ = {
			isa = XCConfigurationList;
			buildConfigurations = (
				F8034187212625DF00EAD717 /* Debug */,
				F8034188212625DF00EAD717 /* Release */,
			);
			defaultConfigurationIsVisible = 0;
			defaultConfigurationName = Release;
		};
		F8034189212625DF00EAD717 /* Build configuration list for PBXNativeTarget "FittedSheets" */ = {
			isa = XCConfigurationList;
			buildConfigurations = (
				F803418A212625DF00EAD717 /* Debug */,
				F803418B212625DF00EAD717 /* Release */,
			);
			defaultConfigurationIsVisible = 0;
			defaultConfigurationName = Release;
		};
		F803418C212625DF00EAD717 /* Build configuration list for PBXNativeTarget "FittedSheetsTests" */ = {
			isa = XCConfigurationList;
			buildConfigurations = (
				F803418D212625DF00EAD717 /* Debug */,
				F803418E212625DF00EAD717 /* Release */,
			);
			defaultConfigurationIsVisible = 0;
			defaultConfigurationName = Release;
		};
		F803418F212625DF00EAD717 /* Build configuration list for PBXNativeTarget "FittedSheetsUITests" */ = {
			isa = XCConfigurationList;
			buildConfigurations = (
				F8034190212625DF00EAD717 /* Debug */,
				F8034191212625DF00EAD717 /* Release */,
			);
			defaultConfigurationIsVisible = 0;
			defaultConfigurationName = Release;
		};
/* End XCConfigurationList section */
	};
	rootObject = F8034159212625DD00EAD717 /* Project object */;
}
