// !$*UTF8*$!
{
	archiveVersion = 1;
	classes = {
	};
	objectVersion = 50;
	objects = {

/* Begin PBXBuildFile section */
		F8034165212625DD00EAD717 /* AppDelegate.swift in Sources */ = {isa = PBXBuildFile; fileRef = F8034164212625DD00EAD717 /* AppDelegate.swift */; };
		F8034167212625DD00EAD717 /* ExamplesViewController.swift in Sources */ = {isa = PBXBuildFile; fileRef = F8034166212625DD00EAD717 /* ExamplesViewController.swift */; };
		F803416A212625DD00EAD717 /* Main.storyboard in Resources */ = {isa = PBXBuildFile; fileRef = F8034168212625DD00EAD717 /* Main.storyboard */; };
		F803416C212625DF00EAD717 /* Assets.xcassets in Resources */ = {isa = PBXBuildFile; fileRef = F803416B212625DF00EAD717 /* Assets.xcassets */; };
		F803416F212625DF00EAD717 /* LaunchScreen.storyboard in Resources */ = {isa = PBXBuildFile; fileRef = F803416D212625DF00EAD717 /* LaunchScreen.storyboard */; };
		F803417A212625DF00EAD717 /* FittedSheetsTests.swift in Sources */ = {isa = PBXBuildFile; fileRef = F8034179212625DF00EAD717 /* FittedSheetsTests.swift */; };
		F8034185212625DF00EAD717 /* FittedSheetsUITests.swift in Sources */ = {isa = PBXBuildFile; fileRef = F8034184212625DF00EAD717 /* FittedSheetsUITests.swift */; };
		F857D0952204B71F004C862F /* FittedSheetsPod.h in Headers */ = {isa = PBXBuildFile; fileRef = F857D0932204B71F004C862F /* FittedSheetsPod.h */; settings = {ATTRIBUTES = (Public, ); }; };
		F857D0982204B71F004C862F /* FittedSheetsPod.framework in Frameworks */ = {isa = PBXBuildFile; fileRef = F857D0912204B71F004C862F /* FittedSheetsPod.framework */; };
		F857D0992204B71F004C862F /* FittedSheetsPod.framework in Embed Frameworks */ = {isa = PBXBuildFile; fileRef = F857D0912204B71F004C862F /* FittedSheetsPod.framework */; settings = {ATTRIBUTES = (CodeSignOnCopy, RemoveHeadersOnCopy, ); }; };
		F857D09F2204B776004C862F /* Yalta.swift in Sources */ = {isa = PBXBuildFile; fileRef = F803419C212F208300EAD717 /* Yalta.swift */; };
		F857D0A02204B776004C862F /* InitialTouchPanGestureRecognizer.swift in Sources */ = {isa = PBXBuildFile; fileRef = F84FF4AE2134A95300248951 /* InitialTouchPanGestureRecognizer.swift */; };
		F857D0A12204B776004C862F /* UIViewControllerExtension.swift in Sources */ = {isa = PBXBuildFile; fileRef = F84FF4B02135BE1A00248951 /* UIViewControllerExtension.swift */; };
		F857D0A22204B776004C862F /* SheetSize.swift in Sources */ = {isa = PBXBuildFile; fileRef = F84FF4AA21348A2900248951 /* SheetSize.swift */; };
		F857D0A52204B827004C862F /* ColorExample.storyboard in Resources */ = {isa = PBXBuildFile; fileRef = F857D0A42204B827004C862F /* ColorExample.storyboard */; };
		F857D0A72204B856004C862F /* ColorExampleViewController.swift in Sources */ = {isa = PBXBuildFile; fileRef = F857D0A62204B856004C862F /* ColorExampleViewController.swift */; };
		F857D0A92204C191004C862F /* UIClosureActionClosure.swift in Sources */ = {isa = PBXBuildFile; fileRef = F857D0A82204C191004C862F /* UIClosureActionClosure.swift */; };
		F857D0AC2204D6F7004C862F /* ScrollExample.storyboard in Resources */ = {isa = PBXBuildFile; fileRef = F857D0AB2204D6F7004C862F /* ScrollExample.storyboard */; };
		F857D0AE2204D709004C862F /* TableViewExampleViewController.swift in Sources */ = {isa = PBXBuildFile; fileRef = F857D0AD2204D709004C862F /* TableViewExampleViewController.swift */; };
		F857D0B02204D71E004C862F /* ExampleTableViewController.swift in Sources */ = {isa = PBXBuildFile; fileRef = F857D0AF2204D71E004C862F /* ExampleTableViewController.swift */; };
		F857D0B22204D761004C862F /* ScrollViewExampleViewController.swift in Sources */ = {isa = PBXBuildFile; fileRef = F857D0B12204D761004C862F /* ScrollViewExampleViewController.swift */; };
		F857D0B52204DA22004C862F /* IntrensicDemo.storyboard in Resources */ = {isa = PBXBuildFile; fileRef = F857D0B42204DA22004C862F /* IntrensicDemo.storyboard */; };
		F857D0B72204DA2E004C862F /* ResizingExampleViewController.swift in Sources */ = {isa = PBXBuildFile; fileRef = F857D0B62204DA2E004C862F /* ResizingExampleViewController.swift */; };
		F857D0B92204DA4E004C862F /* IntrinsicExampleViewController.swift in Sources */ = {isa = PBXBuildFile; fileRef = F857D0B82204DA4E004C862F /* IntrinsicExampleViewController.swift */; };
		F857D0BE2204DCEB004C862F /* NavigationDemo.storyboard in Resources */ = {isa = PBXBuildFile; fileRef = F857D0BD2204DCEB004C862F /* NavigationDemo.storyboard */; };
		F857D0C02204DD00004C862F /* NavigationRootViewController.swift in Sources */ = {isa = PBXBuildFile; fileRef = F857D0BF2204DD00004C862F /* NavigationRootViewController.swift */; };
		F857D0C32204DFC7004C862F /* KeyboardExample.storyboard in Resources */ = {isa = PBXBuildFile; fileRef = F857D0C22204DFC7004C862F /* KeyboardExample.storyboard */; };
		F857D0C52204DFDA004C862F /* UITextFieldExampleViewController.swift in Sources */ = {isa = PBXBuildFile; fileRef = F857D0C42204DFDA004C862F /* UITextFieldExampleViewController.swift */; };
		F8A42B4A24D1E241005DE55B /* SheetViewController.swift in Sources */ = {isa = PBXBuildFile; fileRef = F8A42B4924D1E241005DE55B /* SheetViewController.swift */; };
		F8A42B4C24D1E2EF005DE55B /* SheetContentViewController.swift in Sources */ = {isa = PBXBuildFile; fileRef = F8A42B4B24D1E2EF005DE55B /* SheetContentViewController.swift */; };
		F8A42B4E24D1E40A005DE55B /* SheetOptions.swift in Sources */ = {isa = PBXBuildFile; fileRef = F8A42B4D24D1E40A005DE55B /* SheetOptions.swift */; };
		F8A42B5024D1E4C3005DE55B /* UIColorExtension.swift in Sources */ = {isa = PBXBuildFile; fileRef = F8A42B4F24D1E4C3005DE55B /* UIColorExtension.swift */; };
		F8A42B5224D1F6D3005DE55B /* SheetContentViewDelegate.swift in Sources */ = {isa = PBXBuildFile; fileRef = F8A42B5124D1F6D3005DE55B /* SheetContentViewDelegate.swift */; };
		F8A42B5624D20201005DE55B /* SheetDelegate.swift in Sources */ = {isa = PBXBuildFile; fileRef = F8A42B5524D20201005DE55B /* SheetDelegate.swift */; };
		F8A42B5A24D36893005DE55B /* RootViewController.swift in Sources */ = {isa = PBXBuildFile; fileRef = F8A42B5924D36893005DE55B /* RootViewController.swift */; };
		F8A42B5C24D369A8005DE55B /* Demoable.swift in Sources */ = {isa = PBXBuildFile; fileRef = F8A42B5B24D369A8005DE55B /* Demoable.swift */; };
		F8A42B6024D36DE3005DE55B /* IntrensicDemo.swift in Sources */ = {isa = PBXBuildFile; fileRef = F8A42B5F24D36DE3005DE55B /* IntrensicDemo.swift */; };
		F8A42B6224D36EA7005DE55B /* EmbededIntrensicDemo.swift in Sources */ = {isa = PBXBuildFile; fileRef = F8A42B6124D36EA7005DE55B /* EmbededIntrensicDemo.swift */; };
		F8A42B6424D371C7005DE55B /* IntrensicAndFullscreenDemo.swift in Sources */ = {isa = PBXBuildFile; fileRef = F8A42B6324D371C7005DE55B /* IntrensicAndFullscreenDemo.swift */; };
		F8A42B6724D3784B005DE55B /* ResizingDemo.storyboard in Resources */ = {isa = PBXBuildFile; fileRef = F8A42B6624D3784B005DE55B /* ResizingDemo.storyboard */; };
		F8A42B6924D37890005DE55B /* ResizingDemo.swift in Sources */ = {isa = PBXBuildFile; fileRef = F8A42B6824D37890005DE55B /* ResizingDemo.swift */; };
		F8A42B6B24D37BB1005DE55B /* NavigationDemo.swift in Sources */ = {isa = PBXBuildFile; fileRef = F8A42B6A24D37BB1005DE55B /* NavigationDemo.swift */; };
/* End PBXBuildFile section */

/* Begin PBXContainerItemProxy section */
		F8034176212625DF00EAD717 /* PBXContainerItemProxy */ = {
			isa = PBXContainerItemProxy;
			containerPortal = F8034159212625DD00EAD717 /* Project object */;
			proxyType = 1;
			remoteGlobalIDString = F8034160212625DD00EAD717;
			remoteInfo = FittedSheets;
		};
		F8034181212625DF00EAD717 /* PBXContainerItemProxy */ = {
			isa = PBXContainerItemProxy;
			containerPortal = F8034159212625DD00EAD717 /* Project object */;
			proxyType = 1;
			remoteGlobalIDString = F8034160212625DD00EAD717;
			remoteInfo = FittedSheets;
		};
		F857D0962204B71F004C862F /* PBXContainerItemProxy */ = {
			isa = PBXContainerItemProxy;
			containerPortal = F8034159212625DD00EAD717 /* Project object */;
			proxyType = 1;
			remoteGlobalIDString = F857D0902204B71F004C862F;
			remoteInfo = FittedSheetsPod;
		};
/* End PBXContainerItemProxy section */

/* Begin PBXCopyFilesBuildPhase section */
		F857D09D2204B71F004C862F /* Embed Frameworks */ = {
			isa = PBXCopyFilesBuildPhase;
			buildActionMask = 2147483647;
			dstPath = "";
			dstSubfolderSpec = 10;
			files = (
				F857D0992204B71F004C862F /* FittedSheetsPod.framework in Embed Frameworks */,
			);
			name = "Embed Frameworks";
			runOnlyForDeploymentPostprocessing = 0;
		};
/* End PBXCopyFilesBuildPhase section */

/* Begin PBXFileReference section */
		46334410249C041700F334E5 /* Package.swift */ = {isa = PBXFileReference; lastKnownFileType = sourcecode.swift; path = Package.swift; sourceTree = "<group>"; };
		F8034161212625DD00EAD717 /* FittedSheets.app */ = {isa = PBXFileReference; explicitFileType = wrapper.application; includeInIndex = 0; path = FittedSheets.app; sourceTree = BUILT_PRODUCTS_DIR; };
		F8034164212625DD00EAD717 /* AppDelegate.swift */ = {isa = PBXFileReference; lastKnownFileType = sourcecode.swift; path = AppDelegate.swift; sourceTree = "<group>"; };
		F8034166212625DD00EAD717 /* ExamplesViewController.swift */ = {isa = PBXFileReference; lastKnownFileType = sourcecode.swift; path = ExamplesViewController.swift; sourceTree = "<group>"; };
		F8034169212625DD00EAD717 /* Base */ = {isa = PBXFileReference; lastKnownFileType = file.storyboard; name = Base; path = Base.lproj/Main.storyboard; sourceTree = "<group>"; };
		F803416B212625DF00EAD717 /* Assets.xcassets */ = {isa = PBXFileReference; lastKnownFileType = folder.assetcatalog; path = Assets.xcassets; sourceTree = "<group>"; };
		F803416E212625DF00EAD717 /* Base */ = {isa = PBXFileReference; lastKnownFileType = file.storyboard; name = Base; path = Base.lproj/LaunchScreen.storyboard; sourceTree = "<group>"; };
		F8034170212625DF00EAD717 /* Info.plist */ = {isa = PBXFileReference; lastKnownFileType = text.plist.xml; path = Info.plist; sourceTree = "<group>"; };
		F8034175212625DF00EAD717 /* FittedSheetsTests.xctest */ = {isa = PBXFileReference; explicitFileType = wrapper.cfbundle; includeInIndex = 0; path = FittedSheetsTests.xctest; sourceTree = BUILT_PRODUCTS_DIR; };
		F8034179212625DF00EAD717 /* FittedSheetsTests.swift */ = {isa = PBXFileReference; lastKnownFileType = sourcecode.swift; path = FittedSheetsTests.swift; sourceTree = "<group>"; };
		F803417B212625DF00EAD717 /* Info.plist */ = {isa = PBXFileReference; lastKnownFileType = text.plist.xml; path = Info.plist; sourceTree = "<group>"; };
		F8034180212625DF00EAD717 /* FittedSheetsUITests.xctest */ = {isa = PBXFileReference; explicitFileType = wrapper.cfbundle; includeInIndex = 0; path = FittedSheetsUITests.xctest; sourceTree = BUILT_PRODUCTS_DIR; };
		F8034184212625DF00EAD717 /* FittedSheetsUITests.swift */ = {isa = PBXFileReference; lastKnownFileType = sourcecode.swift; path = FittedSheetsUITests.swift; sourceTree = "<group>"; };
		F8034186212625DF00EAD717 /* Info.plist */ = {isa = PBXFileReference; lastKnownFileType = text.plist.xml; path = Info.plist; sourceTree = "<group>"; };
		F8034192212628FE00EAD717 /* FittedSheets.podspec.json */ = {isa = PBXFileReference; lastKnownFileType = text.json; path = FittedSheets.podspec.json; sourceTree = "<group>"; };
		F803419C212F208300EAD717 /* Yalta.swift */ = {isa = PBXFileReference; lastKnownFileType = sourcecode.swift; path = Yalta.swift; sourceTree = "<group>"; };
		F84FF4AA21348A2900248951 /* SheetSize.swift */ = {isa = PBXFileReference; lastKnownFileType = sourcecode.swift; path = SheetSize.swift; sourceTree = "<group>"; };
		F84FF4AE2134A95300248951 /* InitialTouchPanGestureRecognizer.swift */ = {isa = PBXFileReference; lastKnownFileType = sourcecode.swift; path = InitialTouchPanGestureRecognizer.swift; sourceTree = "<group>"; };
		F84FF4B02135BE1A00248951 /* UIViewControllerExtension.swift */ = {isa = PBXFileReference; lastKnownFileType = sourcecode.swift; path = UIViewControllerExtension.swift; sourceTree = "<group>"; };
		F857D0912204B71F004C862F /* FittedSheetsPod.framework */ = {isa = PBXFileReference; explicitFileType = wrapper.framework; includeInIndex = 0; path = FittedSheetsPod.framework; sourceTree = BUILT_PRODUCTS_DIR; };
		F857D0932204B71F004C862F /* FittedSheetsPod.h */ = {isa = PBXFileReference; lastKnownFileType = sourcecode.c.h; path = FittedSheetsPod.h; sourceTree = "<group>"; };
		F857D0942204B71F004C862F /* Info.plist */ = {isa = PBXFileReference; lastKnownFileType = text.plist.xml; path = Info.plist; sourceTree = "<group>"; };
		F857D0A42204B827004C862F /* ColorExample.storyboard */ = {isa = PBXFileReference; lastKnownFileType = file.storyboard; path = ColorExample.storyboard; sourceTree = "<group>"; };
		F857D0A62204B856004C862F /* ColorExampleViewController.swift */ = {isa = PBXFileReference; lastKnownFileType = sourcecode.swift; path = ColorExampleViewController.swift; sourceTree = "<group>"; };
		F857D0A82204C191004C862F /* UIClosureActionClosure.swift */ = {isa = PBXFileReference; lastKnownFileType = sourcecode.swift; path = UIClosureActionClosure.swift; sourceTree = "<group>"; };
		F857D0AB2204D6F7004C862F /* ScrollExample.storyboard */ = {isa = PBXFileReference; lastKnownFileType = file.storyboard; path = ScrollExample.storyboard; sourceTree = "<group>"; };
		F857D0AD2204D709004C862F /* TableViewExampleViewController.swift */ = {isa = PBXFileReference; lastKnownFileType = sourcecode.swift; path = TableViewExampleViewController.swift; sourceTree = "<group>"; };
		F857D0AF2204D71E004C862F /* ExampleTableViewController.swift */ = {isa = PBXFileReference; lastKnownFileType = sourcecode.swift; path = ExampleTableViewController.swift; sourceTree = "<group>"; };
		F857D0B12204D761004C862F /* ScrollViewExampleViewController.swift */ = {isa = PBXFileReference; lastKnownFileType = sourcecode.swift; path = ScrollViewExampleViewController.swift; sourceTree = "<group>"; };
		F857D0B42204DA22004C862F /* IntrensicDemo.storyboard */ = {isa = PBXFileReference; lastKnownFileType = file.storyboard; path = IntrensicDemo.storyboard; sourceTree = "<group>"; };
		F857D0B62204DA2E004C862F /* ResizingExampleViewController.swift */ = {isa = PBXFileReference; lastKnownFileType = sourcecode.swift; path = ResizingExampleViewController.swift; sourceTree = "<group>"; };
		F857D0B82204DA4E004C862F /* IntrinsicExampleViewController.swift */ = {isa = PBXFileReference; lastKnownFileType = sourcecode.swift; path = IntrinsicExampleViewController.swift; sourceTree = "<group>"; };
		F857D0BD2204DCEB004C862F /* NavigationDemo.storyboard */ = {isa = PBXFileReference; lastKnownFileType = file.storyboard; path = NavigationDemo.storyboard; sourceTree = "<group>"; };
		F857D0BF2204DD00004C862F /* NavigationRootViewController.swift */ = {isa = PBXFileReference; lastKnownFileType = sourcecode.swift; path = NavigationRootViewController.swift; sourceTree = "<group>"; };
		F857D0C22204DFC7004C862F /* KeyboardExample.storyboard */ = {isa = PBXFileReference; lastKnownFileType = file.storyboard; path = KeyboardExample.storyboard; sourceTree = "<group>"; };
		F857D0C42204DFDA004C862F /* UITextFieldExampleViewController.swift */ = {isa = PBXFileReference; lastKnownFileType = sourcecode.swift; path = UITextFieldExampleViewController.swift; sourceTree = "<group>"; };
		F8A42B4924D1E241005DE55B /* SheetViewController.swift */ = {isa = PBXFileReference; lastKnownFileType = sourcecode.swift; path = SheetViewController.swift; sourceTree = "<group>"; };
		F8A42B4B24D1E2EF005DE55B /* SheetContentViewController.swift */ = {isa = PBXFileReference; lastKnownFileType = sourcecode.swift; path = SheetContentViewController.swift; sourceTree = "<group>"; };
		F8A42B4D24D1E40A005DE55B /* SheetOptions.swift */ = {isa = PBXFileReference; lastKnownFileType = sourcecode.swift; path = SheetOptions.swift; sourceTree = "<group>"; };
		F8A42B4F24D1E4C3005DE55B /* UIColorExtension.swift */ = {isa = PBXFileReference; lastKnownFileType = sourcecode.swift; path = UIColorExtension.swift; sourceTree = "<group>"; };
		F8A42B5124D1F6D3005DE55B /* SheetContentViewDelegate.swift */ = {isa = PBXFileReference; lastKnownFileType = sourcecode.swift; path = SheetContentViewDelegate.swift; sourceTree = "<group>"; };
		F8A42B5524D20201005DE55B /* SheetDelegate.swift */ = {isa = PBXFileReference; lastKnownFileType = sourcecode.swift; path = SheetDelegate.swift; sourceTree = "<group>"; };
		F8A42B5924D36893005DE55B /* RootViewController.swift */ = {isa = PBXFileReference; lastKnownFileType = sourcecode.swift; path = RootViewController.swift; sourceTree = "<group>"; };
		F8A42B5B24D369A8005DE55B /* Demoable.swift */ = {isa = PBXFileReference; lastKnownFileType = sourcecode.swift; path = Demoable.swift; sourceTree = "<group>"; };
		F8A42B5F24D36DE3005DE55B /* IntrensicDemo.swift */ = {isa = PBXFileReference; lastKnownFileType = sourcecode.swift; path = IntrensicDemo.swift; sourceTree = "<group>"; };
		F8A42B6124D36EA7005DE55B /* EmbededIntrensicDemo.swift */ = {isa = PBXFileReference; lastKnownFileType = sourcecode.swift; path = EmbededIntrensicDemo.swift; sourceTree = "<group>"; };
		F8A42B6324D371C7005DE55B /* IntrensicAndFullscreenDemo.swift */ = {isa = PBXFileReference; lastKnownFileType = sourcecode.swift; path = IntrensicAndFullscreenDemo.swift; sourceTree = "<group>"; };
		F8A42B6624D3784B005DE55B /* ResizingDemo.storyboard */ = {isa = PBXFileReference; lastKnownFileType = file.storyboard; path = ResizingDemo.storyboard; sourceTree = "<group>"; };
		F8A42B6824D37890005DE55B /* ResizingDemo.swift */ = {isa = PBXFileReference; lastKnownFileType = sourcecode.swift; path = ResizingDemo.swift; sourceTree = "<group>"; };
		F8A42B6A24D37BB1005DE55B /* NavigationDemo.swift */ = {isa = PBXFileReference; lastKnownFileType = sourcecode.swift; path = NavigationDemo.swift; sourceTree = "<group>"; };
/* End PBXFileReference section */

/* Begin PBXFrameworksBuildPhase section */
		F803415E212625DD00EAD717 /* Frameworks */ = {
			isa = PBXFrameworksBuildPhase;
			buildActionMask = 2147483647;
			files = (
				F857D0982204B71F004C862F /* FittedSheetsPod.framework in Frameworks */,
			);
			runOnlyForDeploymentPostprocessing = 0;
		};
		F8034172212625DF00EAD717 /* Frameworks */ = {
			isa = PBXFrameworksBuildPhase;
			buildActionMask = 2147483647;
			files = (
			);
			runOnlyForDeploymentPostprocessing = 0;
		};
		F803417D212625DF00EAD717 /* Frameworks */ = {
			isa = PBXFrameworksBuildPhase;
			buildActionMask = 2147483647;
			files = (
			);
			runOnlyForDeploymentPostprocessing = 0;
		};
		F857D08E2204B71F004C862F /* Frameworks */ = {
			isa = PBXFrameworksBuildPhase;
			buildActionMask = 2147483647;
			files = (
			);
			runOnlyForDeploymentPostprocessing = 0;
		};
/* End PBXFrameworksBuildPhase section */

/* Begin PBXGroup section */
		F8034158212625DD00EAD717 = {
			isa = PBXGroup;
			children = (
				F8034192212628FE00EAD717 /* FittedSheets.podspec.json */,
				46334410249C041700F334E5 /* Package.swift */,
				F8034163212625DD00EAD717 /* FittedSheets */,
				F8034178212625DF00EAD717 /* FittedSheetsTests */,
				F8034183212625DF00EAD717 /* FittedSheetsUITests */,
				F857D0922204B71F004C862F /* FittedSheetsPod */,
				F8034162212625DD00EAD717 /* Products */,
			);
			sourceTree = "<group>";
		};
		F8034162212625DD00EAD717 /* Products */ = {
			isa = PBXGroup;
			children = (
				F8034161212625DD00EAD717 /* FittedSheets.app */,
				F8034175212625DF00EAD717 /* FittedSheetsTests.xctest */,
				F8034180212625DF00EAD717 /* FittedSheetsUITests.xctest */,
				F857D0912204B71F004C862F /* FittedSheetsPod.framework */,
			);
			name = Products;
			sourceTree = "<group>";
		};
		F8034163212625DD00EAD717 /* FittedSheets */ = {
			isa = PBXGroup;
			children = (
				F8A42B6524D3783A005DE55B /* ResizingDemo */,
				F857D0C12204DFB9004C862F /* KeyboardExample */,
				F857D0BA2204DCC9004C862F /* NavigationDemo */,
				F857D0B32204DA0F004C862F /* IntrensicDemo */,
				F857D0AA2204D6E7004C862F /* ScrollExamples */,
				F857D0A32204B813004C862F /* ColorExample */,
				F8034164212625DD00EAD717 /* AppDelegate.swift */,
				F8034166212625DD00EAD717 /* ExamplesViewController.swift */,
				F8034168212625DD00EAD717 /* Main.storyboard */,
				F803416B212625DF00EAD717 /* Assets.xcassets */,
				F803416D212625DF00EAD717 /* LaunchScreen.storyboard */,
				F8034170212625DF00EAD717 /* Info.plist */,
				F857D0A82204C191004C862F /* UIClosureActionClosure.swift */,
				F8A42B5924D36893005DE55B /* RootViewController.swift */,
				F8A42B5B24D369A8005DE55B /* Demoable.swift */,
			);
			path = FittedSheets;
			sourceTree = "<group>";
		};
		F8034178212625DF00EAD717 /* FittedSheetsTests */ = {
			isa = PBXGroup;
			children = (
				F8034179212625DF00EAD717 /* FittedSheetsTests.swift */,
				F803417B212625DF00EAD717 /* Info.plist */,
			);
			path = FittedSheetsTests;
			sourceTree = "<group>";
		};
		F8034183212625DF00EAD717 /* FittedSheetsUITests */ = {
			isa = PBXGroup;
			children = (
				F8034184212625DF00EAD717 /* FittedSheetsUITests.swift */,
				F8034186212625DF00EAD717 /* Info.plist */,
			);
			path = FittedSheetsUITests;
			sourceTree = "<group>";
		};
		F857D0922204B71F004C862F /* FittedSheetsPod */ = {
			isa = PBXGroup;
			children = (
				F8A42B4924D1E241005DE55B /* SheetViewController.swift */,
				F8A42B4B24D1E2EF005DE55B /* SheetContentViewController.swift */,
				F803419C212F208300EAD717 /* Yalta.swift */,
				F84FF4AA21348A2900248951 /* SheetSize.swift */,
				F84FF4AE2134A95300248951 /* InitialTouchPanGestureRecognizer.swift */,
				F84FF4B02135BE1A00248951 /* UIViewControllerExtension.swift */,
				F857D0932204B71F004C862F /* FittedSheetsPod.h */,
				F857D0942204B71F004C862F /* Info.plist */,
				F8A42B4D24D1E40A005DE55B /* SheetOptions.swift */,
				F8A42B4F24D1E4C3005DE55B /* UIColorExtension.swift */,
				F8A42B5124D1F6D3005DE55B /* SheetContentViewDelegate.swift */,
				F8A42B5524D20201005DE55B /* SheetDelegate.swift */,
			);
			path = FittedSheetsPod;
			sourceTree = "<group>";
		};
		F857D0A32204B813004C862F /* ColorExample */ = {
			isa = PBXGroup;
			children = (
				F857D0A42204B827004C862F /* ColorExample.storyboard */,
				F857D0A62204B856004C862F /* ColorExampleViewController.swift */,
			);
			path = ColorExample;
			sourceTree = "<group>";
		};
		F857D0AA2204D6E7004C862F /* ScrollExamples */ = {
			isa = PBXGroup;
			children = (
				F857D0AB2204D6F7004C862F /* ScrollExample.storyboard */,
				F857D0AD2204D709004C862F /* TableViewExampleViewController.swift */,
				F857D0AF2204D71E004C862F /* ExampleTableViewController.swift */,
				F857D0B12204D761004C862F /* ScrollViewExampleViewController.swift */,
			);
			path = ScrollExamples;
			sourceTree = "<group>";
		};
		F857D0B32204DA0F004C862F /* IntrensicDemo */ = {
			isa = PBXGroup;
			children = (
				F857D0B42204DA22004C862F /* IntrensicDemo.storyboard */,
				F857D0B82204DA4E004C862F /* IntrinsicExampleViewController.swift */,
				F8A42B5F24D36DE3005DE55B /* IntrensicDemo.swift */,
				F8A42B6124D36EA7005DE55B /* EmbededIntrensicDemo.swift */,
				F8A42B6324D371C7005DE55B /* IntrensicAndFullscreenDemo.swift */,
			);
			path = IntrensicDemo;
			sourceTree = "<group>";
		};
		F857D0BA2204DCC9004C862F /* NavigationDemo */ = {
			isa = PBXGroup;
			children = (
				F857D0BD2204DCEB004C862F /* NavigationDemo.storyboard */,
				F857D0BF2204DD00004C862F /* NavigationRootViewController.swift */,
				F8A42B6A24D37BB1005DE55B /* NavigationDemo.swift */,
			);
			path = NavigationDemo;
			sourceTree = "<group>";
		};
		F857D0C12204DFB9004C862F /* KeyboardExample */ = {
			isa = PBXGroup;
			children = (
				F857D0C22204DFC7004C862F /* KeyboardExample.storyboard */,
				F857D0C42204DFDA004C862F /* UITextFieldExampleViewController.swift */,
			);
			path = KeyboardExample;
			sourceTree = "<group>";
		};
		F8A42B6524D3783A005DE55B /* ResizingDemo */ = {
			isa = PBXGroup;
			children = (
				F8A42B6624D3784B005DE55B /* ResizingDemo.storyboard */,
				F857D0B62204DA2E004C862F /* ResizingExampleViewController.swift */,
				F8A42B6824D37890005DE55B /* ResizingDemo.swift */,
			);
			path = ResizingDemo;
			sourceTree = "<group>";
		};
/* End PBXGroup section */

/* Begin PBXHeadersBuildPhase section */
		F857D08C2204B71F004C862F /* Headers */ = {
			isa = PBXHeadersBuildPhase;
			buildActionMask = 2147483647;
			files = (
				F857D0952204B71F004C862F /* FittedSheetsPod.h in Headers */,
			);
			runOnlyForDeploymentPostprocessing = 0;
		};
/* End PBXHeadersBuildPhase section */

/* Begin PBXNativeTarget section */
		F8034160212625DD00EAD717 /* FittedSheets */ = {
			isa = PBXNativeTarget;
			buildConfigurationList = F8034189212625DF00EAD717 /* Build configuration list for PBXNativeTarget "FittedSheets" */;
			buildPhases = (
				F803415D212625DD00EAD717 /* Sources */,
				F803415E212625DD00EAD717 /* Frameworks */,
				F803415F212625DD00EAD717 /* Resources */,
				F857D09D2204B71F004C862F /* Embed Frameworks */,
			);
			buildRules = (
			);
			dependencies = (
				F857D0972204B71F004C862F /* PBXTargetDependency */,
			);
			name = FittedSheets;
			productName = FittedSheets;
			productReference = F8034161212625DD00EAD717 /* FittedSheets.app */;
			productType = "com.apple.product-type.application";
		};
		F8034174212625DF00EAD717 /* FittedSheetsTests */ = {
			isa = PBXNativeTarget;
			buildConfigurationList = F803418C212625DF00EAD717 /* Build configuration list for PBXNativeTarget "FittedSheetsTests" */;
			buildPhases = (
				F8034171212625DF00EAD717 /* Sources */,
				F8034172212625DF00EAD717 /* Frameworks */,
				F8034173212625DF00EAD717 /* Resources */,
			);
			buildRules = (
			);
			dependencies = (
				F8034177212625DF00EAD717 /* PBXTargetDependency */,
			);
			name = FittedSheetsTests;
			productName = FittedSheetsTests;
			productReference = F8034175212625DF00EAD717 /* FittedSheetsTests.xctest */;
			productType = "com.apple.product-type.bundle.unit-test";
		};
		F803417F212625DF00EAD717 /* FittedSheetsUITests */ = {
			isa = PBXNativeTarget;
			buildConfigurationList = F803418F212625DF00EAD717 /* Build configuration list for PBXNativeTarget "FittedSheetsUITests" */;
			buildPhases = (
				F803417C212625DF00EAD717 /* Sources */,
				F803417D212625DF00EAD717 /* Frameworks */,
				F803417E212625DF00EAD717 /* Resources */,
			);
			buildRules = (
			);
			dependencies = (
				F8034182212625DF00EAD717 /* PBXTargetDependency */,
			);
			name = FittedSheetsUITests;
			productName = FittedSheetsUITests;
			productReference = F8034180212625DF00EAD717 /* FittedSheetsUITests.xctest */;
			productType = "com.apple.product-type.bundle.ui-testing";
		};
		F857D0902204B71F004C862F /* FittedSheetsPod */ = {
			isa = PBXNativeTarget;
			buildConfigurationList = F857D09C2204B71F004C862F /* Build configuration list for PBXNativeTarget "FittedSheetsPod" */;
			buildPhases = (
				F857D08C2204B71F004C862F /* Headers */,
				F857D08D2204B71F004C862F /* Sources */,
				F857D08E2204B71F004C862F /* Frameworks */,
				F857D08F2204B71F004C862F /* Resources */,
			);
			buildRules = (
			);
			dependencies = (
			);
			name = FittedSheetsPod;
			productName = FittedSheetsPod;
			productReference = F857D0912204B71F004C862F /* FittedSheetsPod.framework */;
			productType = "com.apple.product-type.framework";
		};
/* End PBXNativeTarget section */

/* Begin PBXProject section */
		F8034159212625DD00EAD717 /* Project object */ = {
			isa = PBXProject;
			attributes = {
				LastSwiftUpdateCheck = 0940;
				LastUpgradeCheck = 0940;
				ORGANIZATIONNAME = "Gordon Tucker";
				TargetAttributes = {
					F8034160212625DD00EAD717 = {
						CreatedOnToolsVersion = 9.4.1;
						LastSwiftMigration = 1020;
					};
					F8034174212625DF00EAD717 = {
						CreatedOnToolsVersion = 9.4.1;
						LastSwiftMigration = 1020;
						TestTargetID = F8034160212625DD00EAD717;
					};
					F803417F212625DF00EAD717 = {
						CreatedOnToolsVersion = 9.4.1;
						LastSwiftMigration = 1020;
						TestTargetID = F8034160212625DD00EAD717;
					};
					F857D0902204B71F004C862F = {
						CreatedOnToolsVersion = 10.1;
						LastSwiftMigration = 1020;
					};
				};
			};
			buildConfigurationList = F803415C212625DD00EAD717 /* Build configuration list for PBXProject "FittedSheets" */;
			compatibilityVersion = "Xcode 9.3";
			developmentRegion = en;
			hasScannedForEncodings = 0;
			knownRegions = (
				en,
				Base,
			);
			mainGroup = F8034158212625DD00EAD717;
			productRefGroup = F8034162212625DD00EAD717 /* Products */;
			projectDirPath = "";
			projectRoot = "";
			targets = (
				F8034160212625DD00EAD717 /* FittedSheets */,
				F8034174212625DF00EAD717 /* FittedSheetsTests */,
				F803417F212625DF00EAD717 /* FittedSheetsUITests */,
				F857D0902204B71F004C862F /* FittedSheetsPod */,
			);
		};
/* End PBXProject section */

/* Begin PBXResourcesBuildPhase section */
		F803415F212625DD00EAD717 /* Resources */ = {
			isa = PBXResourcesBuildPhase;
			buildActionMask = 2147483647;
			files = (
				F803416F212625DF00EAD717 /* LaunchScreen.storyboard in Resources */,
				F803416C212625DF00EAD717 /* Assets.xcassets in Resources */,
				F857D0AC2204D6F7004C862F /* ScrollExample.storyboard in Resources */,
				F8A42B6724D3784B005DE55B /* ResizingDemo.storyboard in Resources */,
				F857D0A52204B827004C862F /* ColorExample.storyboard in Resources */,
				F803416A212625DD00EAD717 /* Main.storyboard in Resources */,
				F857D0B52204DA22004C862F /* IntrensicDemo.storyboard in Resources */,
				F857D0C32204DFC7004C862F /* KeyboardExample.storyboard in Resources */,
				F857D0BE2204DCEB004C862F /* NavigationDemo.storyboard in Resources */,
			);
			runOnlyForDeploymentPostprocessing = 0;
		};
		F8034173212625DF00EAD717 /* Resources */ = {
			isa = PBXResourcesBuildPhase;
			buildActionMask = 2147483647;
			files = (
			);
			runOnlyForDeploymentPostprocessing = 0;
		};
		F803417E212625DF00EAD717 /* Resources */ = {
			isa = PBXResourcesBuildPhase;
			buildActionMask = 2147483647;
			files = (
			);
			runOnlyForDeploymentPostprocessing = 0;
		};
		F857D08F2204B71F004C862F /* Resources */ = {
			isa = PBXResourcesBuildPhase;
			buildActionMask = 2147483647;
			files = (
			);
			runOnlyForDeploymentPostprocessing = 0;
		};
/* End PBXResourcesBuildPhase section */

/* Begin PBXSourcesBuildPhase section */
		F803415D212625DD00EAD717 /* Sources */ = {
			isa = PBXSourcesBuildPhase;
			buildActionMask = 2147483647;
			files = (
				F857D0A92204C191004C862F /* UIClosureActionClosure.swift in Sources */,
				F857D0B22204D761004C862F /* ScrollViewExampleViewController.swift in Sources */,
				F8A42B5A24D36893005DE55B /* RootViewController.swift in Sources */,
				F857D0A72204B856004C862F /* ColorExampleViewController.swift in Sources */,
				F857D0C52204DFDA004C862F /* UITextFieldExampleViewController.swift in Sources */,
				F857D0B72204DA2E004C862F /* ResizingExampleViewController.swift in Sources */,
				F8A42B5C24D369A8005DE55B /* Demoable.swift in Sources */,
				F857D0C02204DD00004C862F /* NavigationRootViewController.swift in Sources */,
				F8A42B6B24D37BB1005DE55B /* NavigationDemo.swift in Sources */,
				F857D0B92204DA4E004C862F /* IntrinsicExampleViewController.swift in Sources */,
				F8034167212625DD00EAD717 /* ExamplesViewController.swift in Sources */,
				F8A42B6424D371C7005DE55B /* IntrensicAndFullscreenDemo.swift in Sources */,
				F8A42B6924D37890005DE55B /* ResizingDemo.swift in Sources */,
				F8A42B6024D36DE3005DE55B /* IntrensicDemo.swift in Sources */,
				F857D0AE2204D709004C862F /* TableViewExampleViewController.swift in Sources */,
				F857D0B02204D71E004C862F /* ExampleTableViewController.swift in Sources */,
				F8034165212625DD00EAD717 /* AppDelegate.swift in Sources */,
				F8A42B6224D36EA7005DE55B /* EmbededIntrensicDemo.swift in Sources */,
			);
			runOnlyForDeploymentPostprocessing = 0;
		};
		F8034171212625DF00EAD717 /* Sources */ = {
			isa = PBXSourcesBuildPhase;
			buildActionMask = 2147483647;
			files = (
				F803417A212625DF00EAD717 /* FittedSheetsTests.swift in Sources */,
			);
			runOnlyForDeploymentPostprocessing = 0;
		};
		F803417C212625DF00EAD717 /* Sources */ = {
			isa = PBXSourcesBuildPhase;
			buildActionMask = 2147483647;
			files = (
				F8034185212625DF00EAD717 /* FittedSheetsUITests.swift in Sources */,
			);
			runOnlyForDeploymentPostprocessing = 0;
		};
		F857D08D2204B71F004C862F /* Sources */ = {
			isa = PBXSourcesBuildPhase;
			buildActionMask = 2147483647;
			files = (
				F8A42B4A24D1E241005DE55B /* SheetViewController.swift in Sources */,
				F857D0A12204B776004C862F /* UIViewControllerExtension.swift in Sources */,
				F8A42B5624D20201005DE55B /* SheetDelegate.swift in Sources */,
				F8A42B4C24D1E2EF005DE55B /* SheetContentViewController.swift in Sources */,
				F857D0A02204B776004C862F /* InitialTouchPanGestureRecognizer.swift in Sources */,
				F8A42B5224D1F6D3005DE55B /* SheetContentViewDelegate.swift in Sources */,
				F8A42B5024D1E4C3005DE55B /* UIColorExtension.swift in Sources */,
				F857D09F2204B776004C862F /* Yalta.swift in Sources */,
				F8A42B4E24D1E40A005DE55B /* SheetOptions.swift in Sources */,
				F857D0A22204B776004C862F /* SheetSize.swift in Sources */,
			);
			runOnlyForDeploymentPostprocessing = 0;
		};
/* End PBXSourcesBuildPhase section */

/* Begin PBXTargetDependency section */
		F8034177212625DF00EAD717 /* PBXTargetDependency */ = {
			isa = PBXTargetDependency;
			target = F8034160212625DD00EAD717 /* FittedSheets */;
			targetProxy = F8034176212625DF00EAD717 /* PBXContainerItemProxy */;
		};
		F8034182212625DF00EAD717 /* PBXTargetDependency */ = {
			isa = PBXTargetDependency;
			target = F8034160212625DD00EAD717 /* FittedSheets */;
			targetProxy = F8034181212625DF00EAD717 /* PBXContainerItemProxy */;
		};
		F857D0972204B71F004C862F /* PBXTargetDependency */ = {
			isa = PBXTargetDependency;
			target = F857D0902204B71F004C862F /* FittedSheetsPod */;
			targetProxy = F857D0962204B71F004C862F /* PBXContainerItemProxy */;
		};
/* End PBXTargetDependency section */

/* Begin PBXVariantGroup section */
		F8034168212625DD00EAD717 /* Main.storyboard */ = {
			isa = PBXVariantGroup;
			children = (
				F8034169212625DD00EAD717 /* Base */,
			);
			name = Main.storyboard;
			sourceTree = "<group>";
		};
		F803416D212625DF00EAD717 /* LaunchScreen.storyboard */ = {
			isa = PBXVariantGroup;
			children = (
				F803416E212625DF00EAD717 /* Base */,
			);
			name = LaunchScreen.storyboard;
			sourceTree = "<group>";
		};
/* End PBXVariantGroup section */

/* Begin XCBuildConfiguration section */
		F8034187212625DF00EAD717 /* Debug */ = {
			isa = XCBuildConfiguration;
			buildSettings = {
				ALWAYS_SEARCH_USER_PATHS = NO;
				CLANG_ANALYZER_NONNULL = YES;
				CLANG_ANALYZER_NUMBER_OBJECT_CONVERSION = YES_AGGRESSIVE;
				CLANG_CXX_LANGUAGE_STANDARD = "gnu++14";
				CLANG_CXX_LIBRARY = "libc++";
				CLANG_ENABLE_MODULES = YES;
				CLANG_ENABLE_OBJC_ARC = YES;
				CLANG_ENABLE_OBJC_WEAK = YES;
				CLANG_WARN_BLOCK_CAPTURE_AUTORELEASING = YES;
				CLANG_WARN_BOOL_CONVERSION = YES;
				CLANG_WARN_COMMA = YES;
				CLANG_WARN_CONSTANT_CONVERSION = YES;
				CLANG_WARN_DEPRECATED_OBJC_IMPLEMENTATIONS = YES;
				CLANG_WARN_DIRECT_OBJC_ISA_USAGE = YES_ERROR;
				CLANG_WARN_DOCUMENTATION_COMMENTS = YES;
				CLANG_WARN_EMPTY_BODY = YES;
				CLANG_WARN_ENUM_CONVERSION = YES;
				CLANG_WARN_INFINITE_RECURSION = YES;
				CLANG_WARN_INT_CONVERSION = YES;
				CLANG_WARN_NON_LITERAL_NULL_CONVERSION = YES;
				CLANG_WARN_OBJC_IMPLICIT_RETAIN_SELF = YES;
				CLANG_WARN_OBJC_LITERAL_CONVERSION = YES;
				CLANG_WARN_OBJC_ROOT_CLASS = YES_ERROR;
				CLANG_WARN_RANGE_LOOP_ANALYSIS = YES;
				CLANG_WARN_STRICT_PROTOTYPES = YES;
				CLANG_WARN_SUSPICIOUS_MOVE = YES;
				CLANG_WARN_UNGUARDED_AVAILABILITY = YES_AGGRESSIVE;
				CLANG_WARN_UNREACHABLE_CODE = YES;
				CLANG_WARN__DUPLICATE_METHOD_MATCH = YES;
				CODE_SIGN_IDENTITY = "iPhone Developer";
				COPY_PHASE_STRIP = NO;
				DEBUG_INFORMATION_FORMAT = dwarf;
				ENABLE_STRICT_OBJC_MSGSEND = YES;
				ENABLE_TESTABILITY = YES;
				GCC_C_LANGUAGE_STANDARD = gnu11;
				GCC_DYNAMIC_NO_PIC = NO;
				GCC_NO_COMMON_BLOCKS = YES;
				GCC_OPTIMIZATION_LEVEL = 0;
				GCC_PREPROCESSOR_DEFINITIONS = (
					"DEBUG=1",
					"$(inherited)",
				);
				GCC_WARN_64_TO_32_BIT_CONVERSION = YES;
				GCC_WARN_ABOUT_RETURN_TYPE = YES_ERROR;
				GCC_WARN_UNDECLARED_SELECTOR = YES;
				GCC_WARN_UNINITIALIZED_AUTOS = YES_AGGRESSIVE;
				GCC_WARN_UNUSED_FUNCTION = YES;
				GCC_WARN_UNUSED_VARIABLE = YES;
				IPHONEOS_DEPLOYMENT_TARGET = 11.0;
				MTL_ENABLE_DEBUG_INFO = YES;
				ONLY_ACTIVE_ARCH = YES;
				SDKROOT = iphoneos;
				SWIFT_ACTIVE_COMPILATION_CONDITIONS = DEBUG;
				SWIFT_OPTIMIZATION_LEVEL = "-Onone";
			};
			name = Debug;
		};
		F8034188212625DF00EAD717 /* Release */ = {
			isa = XCBuildConfiguration;
			buildSettings = {
				ALWAYS_SEARCH_USER_PATHS = NO;
				CLANG_ANALYZER_NONNULL = YES;
				CLANG_ANALYZER_NUMBER_OBJECT_CONVERSION = YES_AGGRESSIVE;
				CLANG_CXX_LANGUAGE_STANDARD = "gnu++14";
				CLANG_CXX_LIBRARY = "libc++";
				CLANG_ENABLE_MODULES = YES;
				CLANG_ENABLE_OBJC_ARC = YES;
				CLANG_ENABLE_OBJC_WEAK = YES;
				CLANG_WARN_BLOCK_CAPTURE_AUTORELEASING = YES;
				CLANG_WARN_BOOL_CONVERSION = YES;
				CLANG_WARN_COMMA = YES;
				CLANG_WARN_CONSTANT_CONVERSION = YES;
				CLANG_WARN_DEPRECATED_OBJC_IMPLEMENTATIONS = YES;
				CLANG_WARN_DIRECT_OBJC_ISA_USAGE = YES_ERROR;
				CLANG_WARN_DOCUMENTATION_COMMENTS = YES;
				CLANG_WARN_EMPTY_BODY = YES;
				CLANG_WARN_ENUM_CONVERSION = YES;
				CLANG_WARN_INFINITE_RECURSION = YES;
				CLANG_WARN_INT_CONVERSION = YES;
				CLANG_WARN_NON_LITERAL_NULL_CONVERSION = YES;
				CLANG_WARN_OBJC_IMPLICIT_RETAIN_SELF = YES;
				CLANG_WARN_OBJC_LITERAL_CONVERSION = YES;
				CLANG_WARN_OBJC_ROOT_CLASS = YES_ERROR;
				CLANG_WARN_RANGE_LOOP_ANALYSIS = YES;
				CLANG_WARN_STRICT_PROTOTYPES = YES;
				CLANG_WARN_SUSPICIOUS_MOVE = YES;
				CLANG_WARN_UNGUARDED_AVAILABILITY = YES_AGGRESSIVE;
				CLANG_WARN_UNREACHABLE_CODE = YES;
				CLANG_WARN__DUPLICATE_METHOD_MATCH = YES;
				CODE_SIGN_IDENTITY = "iPhone Developer";
				COPY_PHASE_STRIP = NO;
				DEBUG_INFORMATION_FORMAT = "dwarf-with-dsym";
				ENABLE_NS_ASSERTIONS = NO;
				ENABLE_STRICT_OBJC_MSGSEND = YES;
				GCC_C_LANGUAGE_STANDARD = gnu11;
				GCC_NO_COMMON_BLOCKS = YES;
				GCC_WARN_64_TO_32_BIT_CONVERSION = YES;
				GCC_WARN_ABOUT_RETURN_TYPE = YES_ERROR;
				GCC_WARN_UNDECLARED_SELECTOR = YES;
				GCC_WARN_UNINITIALIZED_AUTOS = YES_AGGRESSIVE;
				GCC_WARN_UNUSED_FUNCTION = YES;
				GCC_WARN_UNUSED_VARIABLE = YES;
				IPHONEOS_DEPLOYMENT_TARGET = 11.0;
				MTL_ENABLE_DEBUG_INFO = NO;
				SDKROOT = iphoneos;
				SWIFT_COMPILATION_MODE = wholemodule;
				SWIFT_OPTIMIZATION_LEVEL = "-O";
				VALIDATE_PRODUCT = YES;
			};
			name = Release;
		};
		F803418A212625DF00EAD717 /* Debug */ = {
			isa = XCBuildConfiguration;
			buildSettings = {
				ALWAYS_EMBED_SWIFT_STANDARD_LIBRARIES = YES;
				ASSETCATALOG_COMPILER_APPICON_NAME = AppIcon;
				CODE_SIGN_STYLE = Automatic;
				DEVELOPMENT_TEAM = 3KLL357N6U;
				INFOPLIST_FILE = FittedSheets/Info.plist;
				IPHONEOS_DEPLOYMENT_TARGET = 11.0;
				LD_RUNPATH_SEARCH_PATHS = (
					"$(inherited)",
					"@executable_path/Frameworks",
				);
				PRODUCT_BUNDLE_IDENTIFIER = jane.FittedSheets;
				PRODUCT_NAME = "$(TARGET_NAME)";
				SWIFT_VERSION = 5.0;
				TARGETED_DEVICE_FAMILY = "1,2";
			};
			name = Debug;
		};
		F803418B212625DF00EAD717 /* Release */ = {
			isa = XCBuildConfiguration;
			buildSettings = {
				ALWAYS_EMBED_SWIFT_STANDARD_LIBRARIES = YES;
				ASSETCATALOG_COMPILER_APPICON_NAME = AppIcon;
				CODE_SIGN_STYLE = Automatic;
				DEVELOPMENT_TEAM = 3KLL357N6U;
				INFOPLIST_FILE = FittedSheets/Info.plist;
				IPHONEOS_DEPLOYMENT_TARGET = 11.0;
				LD_RUNPATH_SEARCH_PATHS = (
					"$(inherited)",
					"@executable_path/Frameworks",
				);
				PRODUCT_BUNDLE_IDENTIFIER = jane.FittedSheets;
				PRODUCT_NAME = "$(TARGET_NAME)";
				SWIFT_VERSION = 5.0;
				TARGETED_DEVICE_FAMILY = "1,2";
			};
			name = Release;
		};
		F803418D212625DF00EAD717 /* Debug */ = {
			isa = XCBuildConfiguration;
			buildSettings = {
				ALWAYS_EMBED_SWIFT_STANDARD_LIBRARIES = YES;
				BUNDLE_LOADER = "$(TEST_HOST)";
				CODE_SIGN_STYLE = Automatic;
				DEVELOPMENT_TEAM = 478Z685Y37;
				INFOPLIST_FILE = FittedSheetsTests/Info.plist;
				IPHONEOS_DEPLOYMENT_TARGET = 11.0;
				LD_RUNPATH_SEARCH_PATHS = (
					"$(inherited)",
					"@executable_path/Frameworks",
					"@loader_path/Frameworks",
				);
				PRODUCT_BUNDLE_IDENTIFIER = gordontucker.FittedSheetsTests;
				PRODUCT_NAME = "$(TARGET_NAME)";
				SWIFT_VERSION = 5.0;
				TARGETED_DEVICE_FAMILY = "1,2";
				TEST_HOST = "$(BUILT_PRODUCTS_DIR)/FittedSheets.app/FittedSheets";
			};
			name = Debug;
		};
		F803418E212625DF00EAD717 /* Release */ = {
			isa = XCBuildConfiguration;
			buildSettings = {
				ALWAYS_EMBED_SWIFT_STANDARD_LIBRARIES = YES;
				BUNDLE_LOADER = "$(TEST_HOST)";
				CODE_SIGN_STYLE = Automatic;
				DEVELOPMENT_TEAM = 478Z685Y37;
				INFOPLIST_FILE = FittedSheetsTests/Info.plist;
				IPHONEOS_DEPLOYMENT_TARGET = 11.0;
				LD_RUNPATH_SEARCH_PATHS = (
					"$(inherited)",
					"@executable_path/Frameworks",
					"@loader_path/Frameworks",
				);
				PRODUCT_BUNDLE_IDENTIFIER = gordontucker.FittedSheetsTests;
				PRODUCT_NAME = "$(TARGET_NAME)";
				SWIFT_VERSION = 5.0;
				TARGETED_DEVICE_FAMILY = "1,2";
				TEST_HOST = "$(BUILT_PRODUCTS_DIR)/FittedSheets.app/FittedSheets";
			};
			name = Release;
		};
		F8034190212625DF00EAD717 /* Debug */ = {
			isa = XCBuildConfiguration;
			buildSettings = {
				ALWAYS_EMBED_SWIFT_STANDARD_LIBRARIES = YES;
				CODE_SIGN_STYLE = Automatic;
				DEVELOPMENT_TEAM = 478Z685Y37;
				INFOPLIST_FILE = FittedSheetsUITests/Info.plist;
				IPHONEOS_DEPLOYMENT_TARGET = 11.0;
				LD_RUNPATH_SEARCH_PATHS = (
					"$(inherited)",
					"@executable_path/Frameworks",
					"@loader_path/Frameworks",
				);
				PRODUCT_BUNDLE_IDENTIFIER = gordontucker.FittedSheetsUITests;
				PRODUCT_NAME = "$(TARGET_NAME)";
				SWIFT_VERSION = 5.0;
				TARGETED_DEVICE_FAMILY = "1,2";
				TEST_TARGET_NAME = FittedSheets;
			};
			name = Debug;
		};
		F8034191212625DF00EAD717 /* Release */ = {
			isa = XCBuildConfiguration;
			buildSettings = {
				ALWAYS_EMBED_SWIFT_STANDARD_LIBRARIES = YES;
				CODE_SIGN_STYLE = Automatic;
				DEVELOPMENT_TEAM = 478Z685Y37;
				INFOPLIST_FILE = FittedSheetsUITests/Info.plist;
				IPHONEOS_DEPLOYMENT_TARGET = 11.0;
				LD_RUNPATH_SEARCH_PATHS = (
					"$(inherited)",
					"@executable_path/Frameworks",
					"@loader_path/Frameworks",
				);
				PRODUCT_BUNDLE_IDENTIFIER = gordontucker.FittedSheetsUITests;
				PRODUCT_NAME = "$(TARGET_NAME)";
				SWIFT_VERSION = 5.0;
				TARGETED_DEVICE_FAMILY = "1,2";
				TEST_TARGET_NAME = FittedSheets;
			};
			name = Release;
		};
		F857D09A2204B71F004C862F /* Debug */ = {
			isa = XCBuildConfiguration;
			buildSettings = {
				CODE_SIGN_IDENTITY = "";
				CODE_SIGN_STYLE = Automatic;
				CURRENT_PROJECT_VERSION = 1;
				DEFINES_MODULE = YES;
				DEVELOPMENT_TEAM = "";
				DYLIB_COMPATIBILITY_VERSION = 1;
				DYLIB_CURRENT_VERSION = 1;
				DYLIB_INSTALL_NAME_BASE = "@rpath";
				INFOPLIST_FILE = FittedSheetsPod/Info.plist;
				INSTALL_PATH = "$(LOCAL_LIBRARY_DIR)/Frameworks";
				IPHONEOS_DEPLOYMENT_TARGET = 9.0;
				LD_RUNPATH_SEARCH_PATHS = (
					"$(inherited)",
					"@executable_path/Frameworks",
					"@loader_path/Frameworks",
				);
				MTL_ENABLE_DEBUG_INFO = INCLUDE_SOURCE;
				MTL_FAST_MATH = YES;
				PRODUCT_BUNDLE_IDENTIFIER = gordontucker.FittedSheetsPod;
				PRODUCT_NAME = "$(TARGET_NAME:c99extidentifier)";
				SKIP_INSTALL = YES;
				SWIFT_VERSION = 5.0;
				TARGETED_DEVICE_FAMILY = "1,2";
				VERSIONING_SYSTEM = "apple-generic";
				VERSION_INFO_PREFIX = "";
			};
			name = Debug;
		};
		F857D09B2204B71F004C862F /* Release */ = {
			isa = XCBuildConfiguration;
			buildSettings = {
				CODE_SIGN_IDENTITY = "";
				CODE_SIGN_STYLE = Automatic;
				CURRENT_PROJECT_VERSION = 1;
				DEFINES_MODULE = YES;
				DEVELOPMENT_TEAM = "";
				DYLIB_COMPATIBILITY_VERSION = 1;
				DYLIB_CURRENT_VERSION = 1;
				DYLIB_INSTALL_NAME_BASE = "@rpath";
				INFOPLIST_FILE = FittedSheetsPod/Info.plist;
				INSTALL_PATH = "$(LOCAL_LIBRARY_DIR)/Frameworks";
				IPHONEOS_DEPLOYMENT_TARGET = 9.0;
				LD_RUNPATH_SEARCH_PATHS = (
					"$(inherited)",
					"@executable_path/Frameworks",
					"@loader_path/Frameworks",
				);
				MTL_FAST_MATH = YES;
				PRODUCT_BUNDLE_IDENTIFIER = gordontucker.FittedSheetsPod;
				PRODUCT_NAME = "$(TARGET_NAME:c99extidentifier)";
				SKIP_INSTALL = YES;
				SWIFT_VERSION = 5.0;
				TARGETED_DEVICE_FAMILY = "1,2";
				VERSIONING_SYSTEM = "apple-generic";
				VERSION_INFO_PREFIX = "";
			};
			name = Release;
		};
/* End XCBuildConfiguration section */

/* Begin XCConfigurationList section */
		F803415C212625DD00EAD717 /* Build configuration list for PBXProject "FittedSheets" */ = {
			isa = XCConfigurationList;
			buildConfigurations = (
				F8034187212625DF00EAD717 /* Debug */,
				F8034188212625DF00EAD717 /* Release */,
			);
			defaultConfigurationIsVisible = 0;
			defaultConfigurationName = Release;
		};
		F8034189212625DF00EAD717 /* Build configuration list for PBXNativeTarget "FittedSheets" */ = {
			isa = XCConfigurationList;
			buildConfigurations = (
				F803418A212625DF00EAD717 /* Debug */,
				F803418B212625DF00EAD717 /* Release */,
			);
			defaultConfigurationIsVisible = 0;
			defaultConfigurationName = Release;
		};
		F803418C212625DF00EAD717 /* Build configuration list for PBXNativeTarget "FittedSheetsTests" */ = {
			isa = XCConfigurationList;
			buildConfigurations = (
				F803418D212625DF00EAD717 /* Debug */,
				F803418E212625DF00EAD717 /* Release */,
			);
			defaultConfigurationIsVisible = 0;
			defaultConfigurationName = Release;
		};
		F803418F212625DF00EAD717 /* Build configuration list for PBXNativeTarget "FittedSheetsUITests" */ = {
			isa = XCConfigurationList;
			buildConfigurations = (
				F8034190212625DF00EAD717 /* Debug */,
				F8034191212625DF00EAD717 /* Release */,
			);
			defaultConfigurationIsVisible = 0;
			defaultConfigurationName = Release;
		};
		F857D09C2204B71F004C862F /* Build configuration list for PBXNativeTarget "FittedSheetsPod" */ = {
			isa = XCConfigurationList;
			buildConfigurations = (
				F857D09A2204B71F004C862F /* Debug */,
				F857D09B2204B71F004C862F /* Release */,
			);
			defaultConfigurationIsVisible = 0;
			defaultConfigurationName = Release;
		};
/* End XCConfigurationList section */
	};
	rootObject = F8034159212625DD00EAD717 /* Project object */;
}
